PODS:
  - Alamofire (5.4.1)
  - AlamofireURLCache5 (0.5.0):
    - Alamofire (~> 5.2)
  - Realm (10.7.0):
    - Realm/Headers (= 10.7.0)
  - Realm/Headers (10.7.0)
  - RealmSwift (10.7.0):
    - Realm (= 10.7.0)

DEPENDENCIES:
  - Alamofire
  - AlamofireURLCache5
  - RealmSwift

SPEC REPOS:
  trunk:
    - Alamofire
    - AlamofireURLCache5
    - Realm
    - RealmSwift

SPEC CHECKSUMS:
  Alamofire: 2291f7d21ca607c491dd17642e5d40fdcda0e65c
  AlamofireURLCache5: b839c7db7c61bf40bdf467896eb587baecafb2c0
  Realm: a03c41a3afbda6c197ba4dfba5428b8b54cc2df4
  RealmSwift: 5e7abc842276d7fabd386e67afbf3efde54eb1c6

PODFILE CHECKSUM: ac7a3ce72b9d7a1722526345db03f9a979808290

COCOAPODS: 1.10.1
